
Microsoft Visual Studio Solution File, Format Version 12.00
# Visual Studio Version 17
VisualStudioVersion = 17.0.31903.59
MinimumVisualStudioVersion = 10.0.40219.1
Project("{2150E333-8FDC-42A3-9474-1A3956D46DE8}") = "Services", "Services", "{1F677C05-C387-4587-B9B4-B4AE2AE37EAB}"
EndProject
Project("{2150E333-8FDC-42A3-9474-1A3956D46DE8}") = "Catalog", "Catalog", "{4C92E3E6-CCDA-468B-9E25-44DE07E586AA}"
EndProject
Project("{9A19103F-16F7-4668-BE54-9A1E7A4F7556}") = "Catalog.API", "Services\Catalog\Catalog.API\Catalog.API.csproj", "{A0FA66C2-91DF-4096-9BE6-3940A3BE5145}"
EndProject
Project("{E53339B2-1760-4266-BCC7-CA923CBCF16C}") = "docker-compose", "docker-compose.dcproj", "{503351DE-22F7-453F-9407-6EEAED95D4AE}"
EndProject
Project("{2150E333-8FDC-42A3-9474-1A3956D46DE8}") = "Basket", "Basket", "{6628137A-1874-4865-9F9F-20241E298277}"
EndProject
Project("{9A19103F-16F7-4668-BE54-9A1E7A4F7556}") = "Basket.API", "Services\Basket\Basket.API\Basket.API.csproj", "{7DB3798C-773F-40AC-A9F3-247DBB0B1E46}"
EndProject
Project("{9A19103F-16F7-4668-BE54-9A1E7A4F7556}") = "QAServices.QABox", "QAServices.QABox\QAServices.QABox.csproj", "{A30D286D-BE0F-48AE-990D-D9EBE028FEC1}"
EndProject
Project("{2150E333-8FDC-42A3-9474-1A3956D46DE8}") = "Solution Items", "Solution Items", "{0D75C299-EF3F-4C8B-B3F2-2F212238A8C0}"
	ProjectSection(SolutionItems) = preProject
		.editorconfig = .editorconfig
		command.txt = command.txt
	EndProjectSection
EndProject
Project("{2150E333-8FDC-42A3-9474-1A3956D46DE8}") = "Discount", "Discount", "{5C4B5AA1-9F5D-4466-BC2C-6B799C46C3F3}"
EndProject
Project("{9A19103F-16F7-4668-BE54-9A1E7A4F7556}") = "Discount.API", "Services\Discount\Discount.API\Discount.API.csproj", "{5D700B72-4C92-4036-BBBB-754D94BB2173}"
EndProject
Project("{9A19103F-16F7-4668-BE54-9A1E7A4F7556}") = "ShortCutDemo", "..\ShortCutDemo\ShortCutDemo.csproj", "{8B7339D6-E53F-4032-9B84-D08E8D176E2E}"
EndProject
Project("{2150E333-8FDC-42A3-9474-1A3956D46DE8}") = "ParallelBook", "ParallelBook", "{2A75CACD-3C57-4A8A-A7E5-2950DAC67C46}"
EndProject
Project("{9A19103F-16F7-4668-BE54-9A1E7A4F7556}") = "TasksModule", "..\TasksModule\TasksModule.csproj", "{C8A63C83-FC45-415F-BF37-119D2095E325}"
EndProject
Project("{2150E333-8FDC-42A3-9474-1A3956D46DE8}") = "Blazor", "Blazor", "{8FB82F22-8D5F-4FC5-8D24-74BE83C8B562}"
EndProject
Project("{9A19103F-16F7-4668-BE54-9A1E7A4F7556}") = "BlazorApp1", "..\BlazorApp1\BlazorApp1.csproj", "{996F5310-182A-466D-977C-CCA3E87AC0CF}"
EndProject
Project("{2150E333-8FDC-42A3-9474-1A3956D46DE8}") = "01 - UI", "01 - UI", "{A0FD081B-2609-482D-B28E-F0E781797232}"
EndProject
Project("{2150E333-8FDC-42A3-9474-1A3956D46DE8}") = "Console", "Console", "{5C6EA0A0-01CE-45EB-AD1E-391D1D6615CB}"
EndProject
Project("{9A19103F-16F7-4668-BE54-9A1E7A4F7556}") = "MultiProcessCore", "..\MultiProcessCore\MultiProcessCore.csproj", "{3890366C-C6F4-4550-A2FD-58DBCAD6477F}"
EndProject
Project("{9A19103F-16F7-4668-BE54-9A1E7A4F7556}") = "GraphicsLibrary", "..\GraphicsLibrary\GraphicsLibrary.csproj", "{8BFAA341-0CAE-424D-8A59-EF75CFEC16F6}"
EndProject
Project("{9A19103F-16F7-4668-BE54-9A1E7A4F7556}") = "TestingPoint", "TestingPoint\TestingPoint.csproj", "{29C493FC-8764-4F72-8C5B-A92FE13BE15E}"
EndProject
Project("{9A19103F-16F7-4668-BE54-9A1E7A4F7556}") = "DataStructure", "..\DataStructure\DataStructure.csproj", "{BAFC50D0-AD3A-404B-A8C6-BB58D7581DE2}"
EndProject
Project("{9A19103F-16F7-4668-BE54-9A1E7A4F7556}") = "ConsoleApp1", "..\ConsoleApp1\ConsoleApp1.csproj", "{47E668AC-6CE7-4A97-A3FA-127D7541F8A3}"
EndProject
Project("{9A19103F-16F7-4668-BE54-9A1E7A4F7556}") = "WebJob", "..\WebJob\WebJob.csproj", "{05D6C58B-F005-481B-B9C9-46DD728C7F78}"
EndProject
Project("{2150E333-8FDC-42A3-9474-1A3956D46DE8}") = "02 - API", "02 - API", "{AEB32ACB-C3E5-4C65-986A-B1CFEEA5EF50}"
EndProject
Project("{9A19103F-16F7-4668-BE54-9A1E7A4F7556}") = "Practice1", "..\Practice1\Practice1.csproj", "{9FCCF008-E73D-492B-9797-88D1423E685E}"
EndProject
Project("{9A19103F-16F7-4668-BE54-9A1E7A4F7556}") = "GraphWorking", "..\GraphWorking\GraphWorking.csproj", "{F1D3C159-C952-4BFB-B1A0-39A21EE52943}"
EndProject
Project("{9A19103F-16F7-4668-BE54-9A1E7A4F7556}") = "Testing", "..\Testing\Testing.csproj", "{468F3A25-D74D-4702-9F1F-0AE8F7956D23}"
EndProject
Project("{9A19103F-16F7-4668-BE54-9A1E7A4F7556}") = "FunctionalProgramming", "..\FunctionalProgramming\FunctionalProgramming.csproj", "{BA261EE9-0BF5-4708-B0F8-D02FF935C5D6}"
EndProject
Project("{FAE04EC0-301F-11D3-BF4B-00C04F79EFBC}") = "ConjeturaCollatz", "..\ConjeturaCollatz\ConjeturaCollatz.csproj", "{A74C83FB-92CC-4B35-BCA1-25B5271E3B5F}"
EndProject
Global
	GlobalSection(SolutionConfigurationPlatforms) = preSolution
		Debug|Any CPU = Debug|Any CPU
		Debug|x64 = Debug|x64
		Debug|x86 = Debug|x86
		Release|Any CPU = Release|Any CPU
		Release|x64 = Release|x64
		Release|x86 = Release|x86
	EndGlobalSection
	GlobalSection(ProjectConfigurationPlatforms) = postSolution
		{A0FA66C2-91DF-4096-9BE6-3940A3BE5145}.Debug|Any CPU.ActiveCfg = Debug|Any CPU
		{A0FA66C2-91DF-4096-9BE6-3940A3BE5145}.Debug|Any CPU.Build.0 = Debug|Any CPU
		{A0FA66C2-91DF-4096-9BE6-3940A3BE5145}.Debug|x64.ActiveCfg = Debug|Any CPU
		{A0FA66C2-91DF-4096-9BE6-3940A3BE5145}.Debug|x64.Build.0 = Debug|Any CPU
		{A0FA66C2-91DF-4096-9BE6-3940A3BE5145}.Debug|x86.ActiveCfg = Debug|Any CPU
		{A0FA66C2-91DF-4096-9BE6-3940A3BE5145}.Debug|x86.Build.0 = Debug|Any CPU
		{A0FA66C2-91DF-4096-9BE6-3940A3BE5145}.Release|Any CPU.ActiveCfg = Release|Any CPU
		{A0FA66C2-91DF-4096-9BE6-3940A3BE5145}.Release|Any CPU.Build.0 = Release|Any CPU
		{A0FA66C2-91DF-4096-9BE6-3940A3BE5145}.Release|x64.ActiveCfg = Release|Any CPU
		{A0FA66C2-91DF-4096-9BE6-3940A3BE5145}.Release|x64.Build.0 = Release|Any CPU
		{A0FA66C2-91DF-4096-9BE6-3940A3BE5145}.Release|x86.ActiveCfg = Release|Any CPU
		{A0FA66C2-91DF-4096-9BE6-3940A3BE5145}.Release|x86.Build.0 = Release|Any CPU
		{503351DE-22F7-453F-9407-6EEAED95D4AE}.Debug|Any CPU.ActiveCfg = Debug|Any CPU
		{503351DE-22F7-453F-9407-6EEAED95D4AE}.Debug|Any CPU.Build.0 = Debug|Any CPU
		{503351DE-22F7-453F-9407-6EEAED95D4AE}.Debug|x64.ActiveCfg = Debug|Any CPU
		{503351DE-22F7-453F-9407-6EEAED95D4AE}.Debug|x64.Build.0 = Debug|Any CPU
		{503351DE-22F7-453F-9407-6EEAED95D4AE}.Debug|x86.ActiveCfg = Debug|Any CPU
		{503351DE-22F7-453F-9407-6EEAED95D4AE}.Debug|x86.Build.0 = Debug|Any CPU
		{503351DE-22F7-453F-9407-6EEAED95D4AE}.Release|Any CPU.ActiveCfg = Release|Any CPU
		{503351DE-22F7-453F-9407-6EEAED95D4AE}.Release|Any CPU.Build.0 = Release|Any CPU
		{503351DE-22F7-453F-9407-6EEAED95D4AE}.Release|x64.ActiveCfg = Release|Any CPU
		{503351DE-22F7-453F-9407-6EEAED95D4AE}.Release|x64.Build.0 = Release|Any CPU
		{503351DE-22F7-453F-9407-6EEAED95D4AE}.Release|x86.ActiveCfg = Release|Any CPU
		{503351DE-22F7-453F-9407-6EEAED95D4AE}.Release|x86.Build.0 = Release|Any CPU
		{7DB3798C-773F-40AC-A9F3-247DBB0B1E46}.Debug|Any CPU.ActiveCfg = Debug|Any CPU
		{7DB3798C-773F-40AC-A9F3-247DBB0B1E46}.Debug|Any CPU.Build.0 = Debug|Any CPU
		{7DB3798C-773F-40AC-A9F3-247DBB0B1E46}.Debug|x64.ActiveCfg = Debug|Any CPU
		{7DB3798C-773F-40AC-A9F3-247DBB0B1E46}.Debug|x64.Build.0 = Debug|Any CPU
		{7DB3798C-773F-40AC-A9F3-247DBB0B1E46}.Debug|x86.ActiveCfg = Debug|Any CPU
		{7DB3798C-773F-40AC-A9F3-247DBB0B1E46}.Debug|x86.Build.0 = Debug|Any CPU
		{7DB3798C-773F-40AC-A9F3-247DBB0B1E46}.Release|Any CPU.ActiveCfg = Release|Any CPU
		{7DB3798C-773F-40AC-A9F3-247DBB0B1E46}.Release|Any CPU.Build.0 = Release|Any CPU
		{7DB3798C-773F-40AC-A9F3-247DBB0B1E46}.Release|x64.ActiveCfg = Release|Any CPU
		{7DB3798C-773F-40AC-A9F3-247DBB0B1E46}.Release|x64.Build.0 = Release|Any CPU
		{7DB3798C-773F-40AC-A9F3-247DBB0B1E46}.Release|x86.ActiveCfg = Release|Any CPU
		{7DB3798C-773F-40AC-A9F3-247DBB0B1E46}.Release|x86.Build.0 = Release|Any CPU
		{A30D286D-BE0F-48AE-990D-D9EBE028FEC1}.Debug|Any CPU.ActiveCfg = Debug|Any CPU
		{A30D286D-BE0F-48AE-990D-D9EBE028FEC1}.Debug|Any CPU.Build.0 = Debug|Any CPU
		{A30D286D-BE0F-48AE-990D-D9EBE028FEC1}.Debug|x64.ActiveCfg = Debug|Any CPU
		{A30D286D-BE0F-48AE-990D-D9EBE028FEC1}.Debug|x64.Build.0 = Debug|Any CPU
		{A30D286D-BE0F-48AE-990D-D9EBE028FEC1}.Debug|x86.ActiveCfg = Debug|Any CPU
		{A30D286D-BE0F-48AE-990D-D9EBE028FEC1}.Debug|x86.Build.0 = Debug|Any CPU
		{A30D286D-BE0F-48AE-990D-D9EBE028FEC1}.Release|Any CPU.ActiveCfg = Release|Any CPU
		{A30D286D-BE0F-48AE-990D-D9EBE028FEC1}.Release|Any CPU.Build.0 = Release|Any CPU
		{A30D286D-BE0F-48AE-990D-D9EBE028FEC1}.Release|x64.ActiveCfg = Release|Any CPU
		{A30D286D-BE0F-48AE-990D-D9EBE028FEC1}.Release|x64.Build.0 = Release|Any CPU
		{A30D286D-BE0F-48AE-990D-D9EBE028FEC1}.Release|x86.ActiveCfg = Release|Any CPU
		{A30D286D-BE0F-48AE-990D-D9EBE028FEC1}.Release|x86.Build.0 = Release|Any CPU
		{5D700B72-4C92-4036-BBBB-754D94BB2173}.Debug|Any CPU.ActiveCfg = Debug|Any CPU
		{5D700B72-4C92-4036-BBBB-754D94BB2173}.Debug|Any CPU.Build.0 = Debug|Any CPU
		{5D700B72-4C92-4036-BBBB-754D94BB2173}.Debug|x64.ActiveCfg = Debug|Any CPU
		{5D700B72-4C92-4036-BBBB-754D94BB2173}.Debug|x64.Build.0 = Debug|Any CPU
		{5D700B72-4C92-4036-BBBB-754D94BB2173}.Debug|x86.ActiveCfg = Debug|Any CPU
		{5D700B72-4C92-4036-BBBB-754D94BB2173}.Debug|x86.Build.0 = Debug|Any CPU
		{5D700B72-4C92-4036-BBBB-754D94BB2173}.Release|Any CPU.ActiveCfg = Release|Any CPU
		{5D700B72-4C92-4036-BBBB-754D94BB2173}.Release|Any CPU.Build.0 = Release|Any CPU
		{5D700B72-4C92-4036-BBBB-754D94BB2173}.Release|x64.ActiveCfg = Release|Any CPU
		{5D700B72-4C92-4036-BBBB-754D94BB2173}.Release|x64.Build.0 = Release|Any CPU
		{5D700B72-4C92-4036-BBBB-754D94BB2173}.Release|x86.ActiveCfg = Release|Any CPU
		{5D700B72-4C92-4036-BBBB-754D94BB2173}.Release|x86.Build.0 = Release|Any CPU
		{8B7339D6-E53F-4032-9B84-D08E8D176E2E}.Debug|Any CPU.ActiveCfg = Debug|Any CPU
		{8B7339D6-E53F-4032-9B84-D08E8D176E2E}.Debug|Any CPU.Build.0 = Debug|Any CPU
		{8B7339D6-E53F-4032-9B84-D08E8D176E2E}.Debug|x64.ActiveCfg = Debug|Any CPU
		{8B7339D6-E53F-4032-9B84-D08E8D176E2E}.Debug|x64.Build.0 = Debug|Any CPU
		{8B7339D6-E53F-4032-9B84-D08E8D176E2E}.Debug|x86.ActiveCfg = Debug|Any CPU
		{8B7339D6-E53F-4032-9B84-D08E8D176E2E}.Debug|x86.Build.0 = Debug|Any CPU
		{8B7339D6-E53F-4032-9B84-D08E8D176E2E}.Release|Any CPU.ActiveCfg = Release|Any CPU
		{8B7339D6-E53F-4032-9B84-D08E8D176E2E}.Release|Any CPU.Build.0 = Release|Any CPU
		{8B7339D6-E53F-4032-9B84-D08E8D176E2E}.Release|x64.ActiveCfg = Release|Any CPU
		{8B7339D6-E53F-4032-9B84-D08E8D176E2E}.Release|x64.Build.0 = Release|Any CPU
		{8B7339D6-E53F-4032-9B84-D08E8D176E2E}.Release|x86.ActiveCfg = Release|Any CPU
		{8B7339D6-E53F-4032-9B84-D08E8D176E2E}.Release|x86.Build.0 = Release|Any CPU
		{C8A63C83-FC45-415F-BF37-119D2095E325}.Debug|Any CPU.ActiveCfg = Debug|Any CPU
		{C8A63C83-FC45-415F-BF37-119D2095E325}.Debug|Any CPU.Build.0 = Debug|Any CPU
		{C8A63C83-FC45-415F-BF37-119D2095E325}.Debug|x64.ActiveCfg = Debug|Any CPU
		{C8A63C83-FC45-415F-BF37-119D2095E325}.Debug|x64.Build.0 = Debug|Any CPU
		{C8A63C83-FC45-415F-BF37-119D2095E325}.Debug|x86.ActiveCfg = Debug|Any CPU
		{C8A63C83-FC45-415F-BF37-119D2095E325}.Debug|x86.Build.0 = Debug|Any CPU
		{C8A63C83-FC45-415F-BF37-119D2095E325}.Release|Any CPU.ActiveCfg = Release|Any CPU
		{C8A63C83-FC45-415F-BF37-119D2095E325}.Release|Any CPU.Build.0 = Release|Any CPU
		{C8A63C83-FC45-415F-BF37-119D2095E325}.Release|x64.ActiveCfg = Release|Any CPU
		{C8A63C83-FC45-415F-BF37-119D2095E325}.Release|x64.Build.0 = Release|Any CPU
		{C8A63C83-FC45-415F-BF37-119D2095E325}.Release|x86.ActiveCfg = Release|Any CPU
		{C8A63C83-FC45-415F-BF37-119D2095E325}.Release|x86.Build.0 = Release|Any CPU
		{996F5310-182A-466D-977C-CCA3E87AC0CF}.Debug|Any CPU.ActiveCfg = Debug|Any CPU
		{996F5310-182A-466D-977C-CCA3E87AC0CF}.Debug|Any CPU.Build.0 = Debug|Any CPU
		{996F5310-182A-466D-977C-CCA3E87AC0CF}.Debug|x64.ActiveCfg = Debug|Any CPU
		{996F5310-182A-466D-977C-CCA3E87AC0CF}.Debug|x64.Build.0 = Debug|Any CPU
		{996F5310-182A-466D-977C-CCA3E87AC0CF}.Debug|x86.ActiveCfg = Debug|Any CPU
		{996F5310-182A-466D-977C-CCA3E87AC0CF}.Debug|x86.Build.0 = Debug|Any CPU
		{996F5310-182A-466D-977C-CCA3E87AC0CF}.Release|Any CPU.ActiveCfg = Release|Any CPU
		{996F5310-182A-466D-977C-CCA3E87AC0CF}.Release|Any CPU.Build.0 = Release|Any CPU
		{996F5310-182A-466D-977C-CCA3E87AC0CF}.Release|x64.ActiveCfg = Release|Any CPU
		{996F5310-182A-466D-977C-CCA3E87AC0CF}.Release|x64.Build.0 = Release|Any CPU
		{996F5310-182A-466D-977C-CCA3E87AC0CF}.Release|x86.ActiveCfg = Release|Any CPU
		{996F5310-182A-466D-977C-CCA3E87AC0CF}.Release|x86.Build.0 = Release|Any CPU
		{3890366C-C6F4-4550-A2FD-58DBCAD6477F}.Debug|Any CPU.ActiveCfg = Debug|Any CPU
		{3890366C-C6F4-4550-A2FD-58DBCAD6477F}.Debug|Any CPU.Build.0 = Debug|Any CPU
		{3890366C-C6F4-4550-A2FD-58DBCAD6477F}.Debug|x64.ActiveCfg = Debug|Any CPU
		{3890366C-C6F4-4550-A2FD-58DBCAD6477F}.Debug|x64.Build.0 = Debug|Any CPU
		{3890366C-C6F4-4550-A2FD-58DBCAD6477F}.Debug|x86.ActiveCfg = Debug|Any CPU
		{3890366C-C6F4-4550-A2FD-58DBCAD6477F}.Debug|x86.Build.0 = Debug|Any CPU
		{3890366C-C6F4-4550-A2FD-58DBCAD6477F}.Release|Any CPU.ActiveCfg = Release|Any CPU
		{3890366C-C6F4-4550-A2FD-58DBCAD6477F}.Release|Any CPU.Build.0 = Release|Any CPU
		{3890366C-C6F4-4550-A2FD-58DBCAD6477F}.Release|x64.ActiveCfg = Release|Any CPU
		{3890366C-C6F4-4550-A2FD-58DBCAD6477F}.Release|x64.Build.0 = Release|Any CPU
		{3890366C-C6F4-4550-A2FD-58DBCAD6477F}.Release|x86.ActiveCfg = Release|Any CPU
		{3890366C-C6F4-4550-A2FD-58DBCAD6477F}.Release|x86.Build.0 = Release|Any CPU
		{8BFAA341-0CAE-424D-8A59-EF75CFEC16F6}.Debug|Any CPU.ActiveCfg = Debug|Any CPU
		{8BFAA341-0CAE-424D-8A59-EF75CFEC16F6}.Debug|Any CPU.Build.0 = Debug|Any CPU
		{8BFAA341-0CAE-424D-8A59-EF75CFEC16F6}.Debug|x64.ActiveCfg = Debug|Any CPU
		{8BFAA341-0CAE-424D-8A59-EF75CFEC16F6}.Debug|x64.Build.0 = Debug|Any CPU
		{8BFAA341-0CAE-424D-8A59-EF75CFEC16F6}.Debug|x86.ActiveCfg = Debug|Any CPU
		{8BFAA341-0CAE-424D-8A59-EF75CFEC16F6}.Debug|x86.Build.0 = Debug|Any CPU
		{8BFAA341-0CAE-424D-8A59-EF75CFEC16F6}.Release|Any CPU.ActiveCfg = Release|Any CPU
		{8BFAA341-0CAE-424D-8A59-EF75CFEC16F6}.Release|Any CPU.Build.0 = Release|Any CPU
		{8BFAA341-0CAE-424D-8A59-EF75CFEC16F6}.Release|x64.ActiveCfg = Release|Any CPU
		{8BFAA341-0CAE-424D-8A59-EF75CFEC16F6}.Release|x64.Build.0 = Release|Any CPU
		{8BFAA341-0CAE-424D-8A59-EF75CFEC16F6}.Release|x86.ActiveCfg = Release|Any CPU
		{8BFAA341-0CAE-424D-8A59-EF75CFEC16F6}.Release|x86.Build.0 = Release|Any CPU
		{29C493FC-8764-4F72-8C5B-A92FE13BE15E}.Debug|Any CPU.ActiveCfg = Debug|Any CPU
		{29C493FC-8764-4F72-8C5B-A92FE13BE15E}.Debug|Any CPU.Build.0 = Debug|Any CPU
		{29C493FC-8764-4F72-8C5B-A92FE13BE15E}.Debug|x64.ActiveCfg = Debug|Any CPU
		{29C493FC-8764-4F72-8C5B-A92FE13BE15E}.Debug|x64.Build.0 = Debug|Any CPU
		{29C493FC-8764-4F72-8C5B-A92FE13BE15E}.Debug|x86.ActiveCfg = Debug|Any CPU
		{29C493FC-8764-4F72-8C5B-A92FE13BE15E}.Debug|x86.Build.0 = Debug|Any CPU
		{29C493FC-8764-4F72-8C5B-A92FE13BE15E}.Release|Any CPU.ActiveCfg = Release|Any CPU
		{29C493FC-8764-4F72-8C5B-A92FE13BE15E}.Release|Any CPU.Build.0 = Release|Any CPU
		{29C493FC-8764-4F72-8C5B-A92FE13BE15E}.Release|x64.ActiveCfg = Release|Any CPU
		{29C493FC-8764-4F72-8C5B-A92FE13BE15E}.Release|x64.Build.0 = Release|Any CPU
		{29C493FC-8764-4F72-8C5B-A92FE13BE15E}.Release|x86.ActiveCfg = Release|Any CPU
		{29C493FC-8764-4F72-8C5B-A92FE13BE15E}.Release|x86.Build.0 = Release|Any CPU
		{BAFC50D0-AD3A-404B-A8C6-BB58D7581DE2}.Debug|Any CPU.ActiveCfg = Debug|Any CPU
		{BAFC50D0-AD3A-404B-A8C6-BB58D7581DE2}.Debug|Any CPU.Build.0 = Debug|Any CPU
		{BAFC50D0-AD3A-404B-A8C6-BB58D7581DE2}.Debug|x64.ActiveCfg = Debug|Any CPU
		{BAFC50D0-AD3A-404B-A8C6-BB58D7581DE2}.Debug|x64.Build.0 = Debug|Any CPU
		{BAFC50D0-AD3A-404B-A8C6-BB58D7581DE2}.Debug|x86.ActiveCfg = Debug|Any CPU
		{BAFC50D0-AD3A-404B-A8C6-BB58D7581DE2}.Debug|x86.Build.0 = Debug|Any CPU
		{BAFC50D0-AD3A-404B-A8C6-BB58D7581DE2}.Release|Any CPU.ActiveCfg = Release|Any CPU
		{BAFC50D0-AD3A-404B-A8C6-BB58D7581DE2}.Release|Any CPU.Build.0 = Release|Any CPU
		{BAFC50D0-AD3A-404B-A8C6-BB58D7581DE2}.Release|x64.ActiveCfg = Release|Any CPU
		{BAFC50D0-AD3A-404B-A8C6-BB58D7581DE2}.Release|x64.Build.0 = Release|Any CPU
		{BAFC50D0-AD3A-404B-A8C6-BB58D7581DE2}.Release|x86.ActiveCfg = Release|Any CPU
		{BAFC50D0-AD3A-404B-A8C6-BB58D7581DE2}.Release|x86.Build.0 = Release|Any CPU
		{47E668AC-6CE7-4A97-A3FA-127D7541F8A3}.Debug|Any CPU.ActiveCfg = Debug|Any CPU
		{47E668AC-6CE7-4A97-A3FA-127D7541F8A3}.Debug|Any CPU.Build.0 = Debug|Any CPU
		{47E668AC-6CE7-4A97-A3FA-127D7541F8A3}.Debug|x64.ActiveCfg = Debug|Any CPU
		{47E668AC-6CE7-4A97-A3FA-127D7541F8A3}.Debug|x64.Build.0 = Debug|Any CPU
		{47E668AC-6CE7-4A97-A3FA-127D7541F8A3}.Debug|x86.ActiveCfg = Debug|Any CPU
		{47E668AC-6CE7-4A97-A3FA-127D7541F8A3}.Debug|x86.Build.0 = Debug|Any CPU
		{47E668AC-6CE7-4A97-A3FA-127D7541F8A3}.Release|Any CPU.ActiveCfg = Release|Any CPU
		{47E668AC-6CE7-4A97-A3FA-127D7541F8A3}.Release|Any CPU.Build.0 = Release|Any CPU
		{47E668AC-6CE7-4A97-A3FA-127D7541F8A3}.Release|x64.ActiveCfg = Release|Any CPU
		{47E668AC-6CE7-4A97-A3FA-127D7541F8A3}.Release|x64.Build.0 = Release|Any CPU
		{47E668AC-6CE7-4A97-A3FA-127D7541F8A3}.Release|x86.ActiveCfg = Release|Any CPU
		{47E668AC-6CE7-4A97-A3FA-127D7541F8A3}.Release|x86.Build.0 = Release|Any CPU
		{05D6C58B-F005-481B-B9C9-46DD728C7F78}.Debug|Any CPU.ActiveCfg = Debug|Any CPU
		{05D6C58B-F005-481B-B9C9-46DD728C7F78}.Debug|Any CPU.Build.0 = Debug|Any CPU
		{05D6C58B-F005-481B-B9C9-46DD728C7F78}.Debug|x64.ActiveCfg = Debug|Any CPU
		{05D6C58B-F005-481B-B9C9-46DD728C7F78}.Debug|x64.Build.0 = Debug|Any CPU
		{05D6C58B-F005-481B-B9C9-46DD728C7F78}.Debug|x86.ActiveCfg = Debug|Any CPU
		{05D6C58B-F005-481B-B9C9-46DD728C7F78}.Debug|x86.Build.0 = Debug|Any CPU
		{05D6C58B-F005-481B-B9C9-46DD728C7F78}.Release|Any CPU.ActiveCfg = Release|Any CPU
		{05D6C58B-F005-481B-B9C9-46DD728C7F78}.Release|Any CPU.Build.0 = Release|Any CPU
		{05D6C58B-F005-481B-B9C9-46DD728C7F78}.Release|x64.ActiveCfg = Release|Any CPU
		{05D6C58B-F005-481B-B9C9-46DD728C7F78}.Release|x64.Build.0 = Release|Any CPU
		{05D6C58B-F005-481B-B9C9-46DD728C7F78}.Release|x86.ActiveCfg = Release|Any CPU
		{05D6C58B-F005-481B-B9C9-46DD728C7F78}.Release|x86.Build.0 = Release|Any CPU
		{9FCCF008-E73D-492B-9797-88D1423E685E}.Debug|Any CPU.ActiveCfg = Debug|Any CPU
		{9FCCF008-E73D-492B-9797-88D1423E685E}.Debug|Any CPU.Build.0 = Debug|Any CPU
		{9FCCF008-E73D-492B-9797-88D1423E685E}.Debug|x64.ActiveCfg = Debug|Any CPU
		{9FCCF008-E73D-492B-9797-88D1423E685E}.Debug|x64.Build.0 = Debug|Any CPU
		{9FCCF008-E73D-492B-9797-88D1423E685E}.Debug|x86.ActiveCfg = Debug|Any CPU
		{9FCCF008-E73D-492B-9797-88D1423E685E}.Debug|x86.Build.0 = Debug|Any CPU
		{9FCCF008-E73D-492B-9797-88D1423E685E}.Release|Any CPU.ActiveCfg = Release|Any CPU
		{9FCCF008-E73D-492B-9797-88D1423E685E}.Release|Any CPU.Build.0 = Release|Any CPU
		{9FCCF008-E73D-492B-9797-88D1423E685E}.Release|x64.ActiveCfg = Release|Any CPU
		{9FCCF008-E73D-492B-9797-88D1423E685E}.Release|x64.Build.0 = Release|Any CPU
		{9FCCF008-E73D-492B-9797-88D1423E685E}.Release|x86.ActiveCfg = Release|Any CPU
		{9FCCF008-E73D-492B-9797-88D1423E685E}.Release|x86.Build.0 = Release|Any CPU
		{F1D3C159-C952-4BFB-B1A0-39A21EE52943}.Debug|Any CPU.ActiveCfg = Debug|Any CPU
		{F1D3C159-C952-4BFB-B1A0-39A21EE52943}.Debug|Any CPU.Build.0 = Debug|Any CPU
		{F1D3C159-C952-4BFB-B1A0-39A21EE52943}.Debug|x64.ActiveCfg = Debug|Any CPU
		{F1D3C159-C952-4BFB-B1A0-39A21EE52943}.Debug|x64.Build.0 = Debug|Any CPU
		{F1D3C159-C952-4BFB-B1A0-39A21EE52943}.Debug|x86.ActiveCfg = Debug|Any CPU
		{F1D3C159-C952-4BFB-B1A0-39A21EE52943}.Debug|x86.Build.0 = Debug|Any CPU
		{F1D3C159-C952-4BFB-B1A0-39A21EE52943}.Release|Any CPU.ActiveCfg = Release|Any CPU
		{F1D3C159-C952-4BFB-B1A0-39A21EE52943}.Release|Any CPU.Build.0 = Release|Any CPU
		{F1D3C159-C952-4BFB-B1A0-39A21EE52943}.Release|x64.ActiveCfg = Release|Any CPU
		{F1D3C159-C952-4BFB-B1A0-39A21EE52943}.Release|x64.Build.0 = Release|Any CPU
		{F1D3C159-C952-4BFB-B1A0-39A21EE52943}.Release|x86.ActiveCfg = Release|Any CPU
		{F1D3C159-C952-4BFB-B1A0-39A21EE52943}.Release|x86.Build.0 = Release|Any CPU
		{468F3A25-D74D-4702-9F1F-0AE8F7956D23}.Debug|Any CPU.ActiveCfg = Debug|Any CPU
		{468F3A25-D74D-4702-9F1F-0AE8F7956D23}.Debug|Any CPU.Build.0 = Debug|Any CPU
		{468F3A25-D74D-4702-9F1F-0AE8F7956D23}.Debug|x64.ActiveCfg = Debug|Any CPU
		{468F3A25-D74D-4702-9F1F-0AE8F7956D23}.Debug|x64.Build.0 = Debug|Any CPU
		{468F3A25-D74D-4702-9F1F-0AE8F7956D23}.Debug|x86.ActiveCfg = Debug|Any CPU
		{468F3A25-D74D-4702-9F1F-0AE8F7956D23}.Debug|x86.Build.0 = Debug|Any CPU
		{468F3A25-D74D-4702-9F1F-0AE8F7956D23}.Release|Any CPU.ActiveCfg = Release|Any CPU
		{468F3A25-D74D-4702-9F1F-0AE8F7956D23}.Release|Any CPU.Build.0 = Release|Any CPU
		{468F3A25-D74D-4702-9F1F-0AE8F7956D23}.Release|x64.ActiveCfg = Release|Any CPU
		{468F3A25-D74D-4702-9F1F-0AE8F7956D23}.Release|x64.Build.0 = Release|Any CPU
		{468F3A25-D74D-4702-9F1F-0AE8F7956D23}.Release|x86.ActiveCfg = Release|Any CPU
		{468F3A25-D74D-4702-9F1F-0AE8F7956D23}.Release|x86.Build.0 = Release|Any CPU
		{BA261EE9-0BF5-4708-B0F8-D02FF935C5D6}.Debug|Any CPU.ActiveCfg = Debug|Any CPU
		{BA261EE9-0BF5-4708-B0F8-D02FF935C5D6}.Debug|Any CPU.Build.0 = Debug|Any CPU
		{BA261EE9-0BF5-4708-B0F8-D02FF935C5D6}.Debug|x64.ActiveCfg = Debug|Any CPU
		{BA261EE9-0BF5-4708-B0F8-D02FF935C5D6}.Debug|x64.Build.0 = Debug|Any CPU
		{BA261EE9-0BF5-4708-B0F8-D02FF935C5D6}.Debug|x86.ActiveCfg = Debug|Any CPU
		{BA261EE9-0BF5-4708-B0F8-D02FF935C5D6}.Debug|x86.Build.0 = Debug|Any CPU
		{BA261EE9-0BF5-4708-B0F8-D02FF935C5D6}.Release|Any CPU.ActiveCfg = Release|Any CPU
		{BA261EE9-0BF5-4708-B0F8-D02FF935C5D6}.Release|Any CPU.Build.0 = Release|Any CPU
		{BA261EE9-0BF5-4708-B0F8-D02FF935C5D6}.Release|x64.ActiveCfg = Release|Any CPU
		{BA261EE9-0BF5-4708-B0F8-D02FF935C5D6}.Release|x64.Build.0 = Release|Any CPU
		{BA261EE9-0BF5-4708-B0F8-D02FF935C5D6}.Release|x86.ActiveCfg = Release|Any CPU
		{BA261EE9-0BF5-4708-B0F8-D02FF935C5D6}.Release|x86.Build.0 = Release|Any CPU
		{A74C83FB-92CC-4B35-BCA1-25B5271E3B5F}.Debug|Any CPU.ActiveCfg = Debug|Any CPU
		{A74C83FB-92CC-4B35-BCA1-25B5271E3B5F}.Debug|Any CPU.Build.0 = Debug|Any CPU
		{A74C83FB-92CC-4B35-BCA1-25B5271E3B5F}.Debug|x64.ActiveCfg = Debug|Any CPU
		{A74C83FB-92CC-4B35-BCA1-25B5271E3B5F}.Debug|x64.Build.0 = Debug|Any CPU
		{A74C83FB-92CC-4B35-BCA1-25B5271E3B5F}.Debug|x86.ActiveCfg = Debug|Any CPU
		{A74C83FB-92CC-4B35-BCA1-25B5271E3B5F}.Debug|x86.Build.0 = Debug|Any CPU
		{A74C83FB-92CC-4B35-BCA1-25B5271E3B5F}.Release|Any CPU.ActiveCfg = Release|Any CPU
		{A74C83FB-92CC-4B35-BCA1-25B5271E3B5F}.Release|Any CPU.Build.0 = Release|Any CPU
		{A74C83FB-92CC-4B35-BCA1-25B5271E3B5F}.Release|x64.ActiveCfg = Release|Any CPU
		{A74C83FB-92CC-4B35-BCA1-25B5271E3B5F}.Release|x64.Build.0 = Release|Any CPU
		{A74C83FB-92CC-4B35-BCA1-25B5271E3B5F}.Release|x86.ActiveCfg = Release|Any CPU
		{A74C83FB-92CC-4B35-BCA1-25B5271E3B5F}.Release|x86.Build.0 = Release|Any CPU
	EndGlobalSection
	GlobalSection(SolutionProperties) = preSolution
		HideSolutionNode = FALSE
	EndGlobalSection
	GlobalSection(NestedProjects) = preSolution
		{4C92E3E6-CCDA-468B-9E25-44DE07E586AA} = {1F677C05-C387-4587-B9B4-B4AE2AE37EAB}
		{A0FA66C2-91DF-4096-9BE6-3940A3BE5145} = {4C92E3E6-CCDA-468B-9E25-44DE07E586AA}
		{6628137A-1874-4865-9F9F-20241E298277} = {1F677C05-C387-4587-B9B4-B4AE2AE37EAB}
		{7DB3798C-773F-40AC-A9F3-247DBB0B1E46} = {6628137A-1874-4865-9F9F-20241E298277}
		{A30D286D-BE0F-48AE-990D-D9EBE028FEC1} = {1F677C05-C387-4587-B9B4-B4AE2AE37EAB}
		{5C4B5AA1-9F5D-4466-BC2C-6B799C46C3F3} = {1F677C05-C387-4587-B9B4-B4AE2AE37EAB}
		{5D700B72-4C92-4036-BBBB-754D94BB2173} = {5C4B5AA1-9F5D-4466-BC2C-6B799C46C3F3}
		{8B7339D6-E53F-4032-9B84-D08E8D176E2E} = {5C6EA0A0-01CE-45EB-AD1E-391D1D6615CB}
		{C8A63C83-FC45-415F-BF37-119D2095E325} = {2A75CACD-3C57-4A8A-A7E5-2950DAC67C46}
		{8FB82F22-8D5F-4FC5-8D24-74BE83C8B562} = {A0FD081B-2609-482D-B28E-F0E781797232}
		{996F5310-182A-466D-977C-CCA3E87AC0CF} = {8FB82F22-8D5F-4FC5-8D24-74BE83C8B562}
		{5C6EA0A0-01CE-45EB-AD1E-391D1D6615CB} = {A0FD081B-2609-482D-B28E-F0E781797232}
		{3890366C-C6F4-4550-A2FD-58DBCAD6477F} = {2A75CACD-3C57-4A8A-A7E5-2950DAC67C46}
		{8BFAA341-0CAE-424D-8A59-EF75CFEC16F6} = {2A75CACD-3C57-4A8A-A7E5-2950DAC67C46}
		{29C493FC-8764-4F72-8C5B-A92FE13BE15E} = {2A75CACD-3C57-4A8A-A7E5-2950DAC67C46}
		{BAFC50D0-AD3A-404B-A8C6-BB58D7581DE2} = {2A75CACD-3C57-4A8A-A7E5-2950DAC67C46}
		{47E668AC-6CE7-4A97-A3FA-127D7541F8A3} = {8FB82F22-8D5F-4FC5-8D24-74BE83C8B562}
		{9FCCF008-E73D-492B-9797-88D1423E685E} = {AEB32ACB-C3E5-4C65-986A-B1CFEEA5EF50}
		{F1D3C159-C952-4BFB-B1A0-39A21EE52943} = {2A75CACD-3C57-4A8A-A7E5-2950DAC67C46}
		{468F3A25-D74D-4702-9F1F-0AE8F7956D23} = {2A75CACD-3C57-4A8A-A7E5-2950DAC67C46}
		{BA261EE9-0BF5-4708-B0F8-D02FF935C5D6} = {2A75CACD-3C57-4A8A-A7E5-2950DAC67C46}
		{A74C83FB-92CC-4B35-BCA1-25B5271E3B5F} = {2A75CACD-3C57-4A8A-A7E5-2950DAC67C46}
	EndGlobalSection
	GlobalSection(ExtensibilityGlobals) = postSolution
		SolutionGuid = {D09114DE-33CD-4122-914C-195780AE92CB}
	EndGlobalSection
EndGlobal
